
Microsoft Visual Studio Solution File, Format Version 12.00
# Visual Studio Version 17
VisualStudioVersion = 17.5.33530.505
MinimumVisualStudioVersion = 10.0.40219.1
Project("{FAE04EC0-301F-11D3-BF4B-00C04F79EFBC}") = "rocketficer", "rocketficer.csproj", "{D6446DB2-C3C8-4ED4-8A3F-899D9EB7B894}"
EndProject
Global
	GlobalSection(SolutionConfigurationPlatforms) = preSolution
		Debug|Any CPU = Debug|Any CPU
		Release|Any CPU = Release|Any CPU
	EndGlobalSection
	GlobalSection(ProjectConfigurationPlatforms) = postSolution
		{D6446DB2-C3C8-4ED4-8A3F-899D9EB7B894}.Debug|Any CPU.ActiveCfg = Debug|Any CPU
		{D6446DB2-C3C8-4ED4-8A3F-899D9EB7B894}.Debug|Any CPU.Build.0 = Debug|Any CPU
		{D6446DB2-C3C8-4ED4-8A3F-899D9EB7B894}.Release|Any CPU.ActiveCfg = Release|Any CPU
		{D6446DB2-C3C8-4ED4-8A3F-899D9EB7B894}.Release|Any CPU.Build.0 = Release|Any CPU
	EndGlobalSection
	GlobalSection(SolutionProperties) = preSolution
		HideSolutionNode = FALSE
	EndGlobalSection
	GlobalSection(ExtensibilityGlobals) = postSolution
		SolutionGuid = {C068429F-7442-4C49-94FB-0E3D1822C86B}
	EndGlobalSection
EndGlobal
